# THIS IS AN AUTOGENERATED FILE. DO NOT EDIT THIS FILE DIRECTLY.
# yarn lockfile v1
# bun ./bun.lockb --hash: 98494217BAE5AFAF-aad862c11e044939-C0DA188314F76E63-13ad5514952b4b73


"@asamuzakjp/dom-selector@^2.0.1":
  version "2.0.1"
  resolved "https://registry.npmjs.org/@asamuzakjp/dom-selector/-/dom-selector-2.0.1.tgz"
  integrity sha512-QJAJffmCiymkv6YyQ7voyQb5caCth6jzZsQncYCpHXrJ7RqdYG5y43+is8mnFcYubdOkr7cn1+na9BdFMxqw7w==
  dependencies:
    bidi-js "^1.0.3"
    css-tree "^2.3.1"
    is-potential-custom-element-name "^1.0.1"

"@bufbuild/protobuf@^1.4.2", "@bufbuild/protobuf@^1.6.0":
  version "1.6.0"
  resolved "https://registry.npmjs.org/@bufbuild/protobuf/-/protobuf-1.6.0.tgz"
  integrity sha512-hp19vSFgNw3wBBcVBx5qo5pufCqjaJ0Cfk5H/pfjNOfNWU+4/w0QVOmfAOZNRrNWRrVuaJWxcN8P2vhOkkzbBQ==

"@connectrpc/connect@1.3.0", "@connectrpc/connect@^1.3.0":
  version "1.3.0"
  resolved "https://registry.npmjs.org/@connectrpc/connect/-/connect-1.3.0.tgz"
  integrity sha512-kTeWxJnLLtxKc2ZSDN0rIBgwfP8RwcLknthX4AKlIAmN9ZC4gGnCbwp+3BKcP/WH5c8zGBAWqSY3zeqCM+ah7w==

"@connectrpc/connect-node@^1.3.0":
  version "1.3.0"
  resolved "https://registry.npmjs.org/@connectrpc/connect-node/-/connect-node-1.3.0.tgz"
  integrity sha512-2fV/z/8MUFOkTn2Gbm7T/qvRfkpt/D/w7ykYqACZRH6VNG/faY4lH2wUZiNkwv9tzTrECKOJFyPsaGs3nRYK3w==
  dependencies:
    undici "^5.28.2"

"@fastify/busboy@^2.0.0":
  version "2.1.0"
  resolved "https://registry.npmjs.org/@fastify/busboy/-/busboy-2.1.0.tgz"
  integrity sha512-+KpH+QxZU7O4675t3mnkQKcZZg56u+K/Ct2K+N2AZYNVK8kyeo/bI18tI8aPm3tvNNRyTWfj6s5tnGNlcbQRsA==

"@lexical/clipboard@0.46.0":
  version "0.46.0"
  resolved "https://registry.npmjs.org/@lexical/clipboard/-/clipboard-0.46.0.tgz"
  integrity sha512-c7lQeORx5+2tfc9+xnHDPBT097t9KdWW3a/kg/ThliokHOkaYz6OeM2z53uID/OOpRGao8FRO5vw9rz5ZAhg+w==
  dependencies:
    lexical "0.46.0"
    "@lexical/html" "0.46.0"
    "@lexical/list" "0.46.0"
    "@lexical/utils" "0.46.0"
    "@lexical/internal" "0.46.0"
    "@lexical/extension" "0.46.0"
    "@lexical/selection" "0.46.0"
    "@types/trusted-types" "^2.0.7"

"@lexical/dragon@0.46.0":
  version "0.46.0"
  resolved "https://registry.npmjs.org/@lexical/dragon/-/dragon-0.46.0.tgz"
  integrity sha512-/PIjscXlD0jp3Bj5MWJ+y1WZsVxagsqnnzOkqdDStM3033soj/2cI7tysMU/7XAEJtMBk1bTJdDvmDHM/bn/rg==
  dependencies:
    lexical "0.46.0"
    "@lexical/extension" "0.46.0"

"@lexical/extension@0.46.0":
  version "0.46.0"
  resolved "https://registry.npmjs.org/@lexical/extension/-/extension-0.46.0.tgz"
  integrity sha512-bdO/ON5dwVwtqeTes/+My/sRU7vNuH3W8ovJ2yffXRFmAxVtzKr6/6TYJWwtUvncQjvTHEKAo5MqWUoQXp8VMw==
  dependencies:
    lexical "0.46.0"
    "@lexical/utils" "0.46.0"
    "@lexical/internal" "0.46.0"
    "@preact/signals-core" "^1.14.1"

"@lexical/headless@0.46":
  version "0.46.0"
  resolved "https://registry.npmjs.org/@lexical/headless/-/headless-0.46.0.tgz"
  integrity sha512-I7TkYchbgEUsntH2TcDvGBVw/wiP2ARpFfuzVotCcmaujBioZG329UEMs7tNl6F3ApfuCOk55BFEU7DG9KgFgA==
  dependencies:
    lexical "0.46.0"
    happy-dom "^20.9.0"
    "@lexical/internal" "0.46.0"

"@lexical/html@0.46", "@lexical/html@0.46.0":
  version "0.46.0"
  resolved "https://registry.npmjs.org/@lexical/html/-/html-0.46.0.tgz"
  integrity sha512-Rvke8FvQkjd+hFBCe39YdQxPQZZ/7W95xilY3qFxmSZaW0zakcA8pItaf7HfueG8Ja6jDu/TOMH4LUeyQPT3HQ==
  dependencies:
    lexical "0.46.0"
    "@lexical/utils" "0.46.0"
    "@lexical/internal" "0.46.0"
    "@lexical/extension" "0.46.0"
    "@lexical/selection" "0.46.0"

"@lexical/internal@0.46.0":
  version "0.46.0"
  resolved "https://registry.npmjs.org/@lexical/internal/-/internal-0.46.0.tgz"
  integrity sha512-OV1ePAAnVVd0K+Bq5SX7vOKE/LqJLYcDM4HD4zVCisbgVaznE+pTj/nDB2uWTidwf8o7QhPR65VhEi+KkUtyEw==

"@lexical/link@0.46":
  version "0.46.0"
  resolved "https://registry.npmjs.org/@lexical/link/-/link-0.46.0.tgz"
  integrity sha512-MdGiAOAmqnZKtfaQxKFZv18SC+1zJIOfqB7bR43va/rp4M3u1cVniquUCTALub40WEWTuJgT2XvfSlpKm7FuXA==
  dependencies:
    lexical "0.46.0"
    "@lexical/html" "0.46.0"
    "@lexical/utils" "0.46.0"
    "@lexical/internal" "0.46.0"
    "@lexical/extension" "0.46.0"

"@lexical/list@0.46", "@lexical/list@0.46.0":
  version "0.46.0"
  resolved "https://registry.npmjs.org/@lexical/list/-/list-0.46.0.tgz"
  integrity sha512-nIX3k05MFAhWZvVXZBZB7LTS1DhsCF2iCFH2WDYebwJfADTnAqhE/ZCAJax84RRMjYla67JU31br9r+P6KR+hA==
  dependencies:
    lexical "0.46.0"
    "@lexical/html" "0.46.0"
    "@lexical/utils" "0.46.0"
    "@lexical/internal" "0.46.0"
    "@lexical/extension" "0.46.0"

"@lexical/rich-text@0.46":
  version "0.46.0"
  resolved "https://registry.npmjs.org/@lexical/rich-text/-/rich-text-0.46.0.tgz"
  integrity sha512-YwERYF7bOGZOmulxzyHID+gUkxCbTbn73pqow8GyasAdwlbTiiyqKSUp3fXC3prcMftQX8eg+SJNwkijvZk9yA==
  dependencies:
    lexical "0.46.0"
    "@lexical/html" "0.46.0"
    "@lexical/utils" "0.46.0"
    "@lexical/dragon" "0.46.0"
    "@lexical/clipboard" "0.46.0"
    "@lexical/extension" "0.46.0"
    "@lexical/selection" "0.46.0"

"@lexical/selection@0.46.0":
  version "0.46.0"
  resolved "https://registry.npmjs.org/@lexical/selection/-/selection-0.46.0.tgz"
  integrity sha512-iWrztXnBl9x7DthlRefUCNHfY8lHU6AzDm7pIr3o7t1hoixDtTuiZ5cCw+PkShC/hZ8v7VuV+FaDNraSaTTkHA==
  dependencies:
    lexical "0.46.0"
    "@lexical/internal" "0.46.0"

"@lexical/table@0.46":
  version "0.46.0"
  resolved "https://registry.npmjs.org/@lexical/table/-/table-0.46.0.tgz"
  integrity sha512-azgbCn+CxyGF2wVFB5Rmcx3wFKR9WKiGvJUUh8YDnMxL9LMWESfFy36XbedR140xUq0QoYTw8ZxBGMHE4ZiIIg==
  dependencies:
    lexical "0.46.0"
    "@lexical/html" "0.46.0"
    "@lexical/utils" "0.46.0"
    "@lexical/internal" "0.46.0"
    "@lexical/clipboard" "0.46.0"
    "@lexical/extension" "0.46.0"

"@lexical/utils@0.46.0":
  version "0.46.0"
  resolved "https://registry.npmjs.org/@lexical/utils/-/utils-0.46.0.tgz"
  integrity sha512-s8XQDoBr1wyPKGqy3qyDeHvi+vMgOiszzcRdHvTd6AqWpXxw2MsDQzMdF3Nr56QHahcOYxMOcv+r7r2nnCcgCA==
  dependencies:
    lexical "0.46.0"
    "@lexical/internal" "0.46.0"
    "@lexical/selection" "0.46.0"

"@preact/signals-core@^1.14.1":
  version "1.14.4"
  resolved "https://registry.npmjs.org/@preact/signals-core/-/signals-core-1.14.4.tgz"
  integrity sha512-HNB6HYeYKhQbJ1aKl+YRjrS4+QWHLKX6qKoUsfS/m0vqzsVaEBiZiaKbG/e+NKk2ch5ALQr/ihWaMHxiCuuWHA==

"@types/bun@latest":
  version "1.0.0"
  resolved "https://registry.npmjs.org/@types/bun/-/bun-1.0.0.tgz"
  integrity sha512-TPI/aImv/fSo0SWlt29wq0tWRqQOWsC4FOXYeUK0Ni6tAS+FqJZ2p7QCGY4hmHaHQeE2KhKJ6Qn9k3kvFfXD3Q==
  dependencies:
    bun-types "1.0.18"

"@types/jsdom@^21.1.6":
  version "21.1.6"
  resolved "https://registry.npmjs.org/@types/jsdom/-/jsdom-21.1.6.tgz"
  integrity sha512-/7kkMsC+/kMs7gAYmmBR9P0vGTnOoLhQhyhQJSlXGI5bzTHp6xdo0TtKWQAsz6pmSAeVqKSbqeyP6hytqr9FDw==
  dependencies:
    "@types/node" "*"
    "@types/tough-cookie" "*"
    parse5 "^7.0.0"

"@types/node@*", "@types/node@>=20.0.0":
  version "20.10.7"
  resolved "https://registry.npmjs.org/@types/node/-/node-20.10.7.tgz"
  integrity sha512-fRbIKb8C/Y2lXxB5eVMj4IU7xpdox0Lh8bUPEdtLysaylsml1hOOx1+STloRs/B9nf7C6kPRmmg/V7aQW7usNg==
  dependencies:
    undici-types "~5.26.4"

"@types/tough-cookie@*":
  version "4.0.5"
  resolved "https://registry.npmjs.org/@types/tough-cookie/-/tough-cookie-4.0.5.tgz"
  integrity sha512-/Ad8+nIOV7Rl++6f1BdKxFSMgmoqEoYbHRpPcx3JEfv8VRsQe9Z4mCXeJBzxs7mbHY/XOZZuXlRNfhpVPbs6ZA==

"@types/trusted-types@^2.0.7":
  version "2.0.7"
  resolved "https://registry.npmjs.org/@types/trusted-types/-/trusted-types-2.0.7.tgz"
  integrity sha512-ScaPdn1dQczgbl0QFTeTOmVHFULt394XJgOQNoyVhZ6r2vLnMLJfBPd53SB52T/3G36VI1/g2MZaX0cwDuXsfw==

"@types/whatwg-mimetype@^3.0.2":
  version "3.0.2"
  resolved "https://registry.npmjs.org/@types/whatwg-mimetype/-/whatwg-mimetype-3.0.2.tgz"
  integrity sha512-c2AKvDT8ToxLIOUlN51gTiHXflsfIFisS4pO7pDPoKouJCESkhZnEy623gwP9laCy5lnLDAw1vAzu2vM2YLOrA==

"@types/ws@^8.18.1":
  version "8.18.1"
  resolved "https://registry.npmjs.org/@types/ws/-/ws-8.18.1.tgz"
  integrity sha512-ThVF6DCVhA8kUGy+aazFQ4kXQ7E1Ty7A3ypFOe0IcJV8O/M511G99AW24irKrW56Wt44yG9+ij8FaqoBGkuBXg==
  dependencies:
    "@types/node" "*"

agent-base@^7.0.2, agent-base@^7.1.0:
  version "7.1.0"
  resolved "https://registry.npmjs.org/agent-base/-/agent-base-7.1.0.tgz"
  integrity sha512-o/zjMZRhJxny7OyEF+Op8X+efiELC7k7yOjMzgfzVqOzXqkBkWI79YoTdOtsuWd5BWhAGAuOY/Xa6xpiaWXiNg==
  dependencies:
    debug "^4.3.4"

asynckit@^0.4.0:
  version "0.4.0"
  resolved "https://registry.npmjs.org/asynckit/-/asynckit-0.4.0.tgz"
  integrity sha512-Oei9OH4tRh0YqU3GxhX79dM/mwVgvbZJaSNaRk+bshkj0S5cfHcgYakreBjrHwatXKbz+IoIdYLxrKim2MjW0Q==

bidi-js@^1.0.3:
  version "1.0.3"
  resolved "https://registry.npmjs.org/bidi-js/-/bidi-js-1.0.3.tgz"
  integrity sha512-RKshQI1R3YQ+n9YJz2QQ147P66ELpa1FQEg20Dk8oW9t2KgLbpDLLp9aGZ7y8WHSshDknG0bknqGw5/tyCs5tw==
  dependencies:
    require-from-string "^2.0.2"

buffer-image-size@^0.6.4:
  version "0.6.4"
  resolved "https://registry.npmjs.org/buffer-image-size/-/buffer-image-size-0.6.4.tgz"
  integrity sha512-nEh+kZOPY1w+gcCMobZ6ETUp9WfibndnosbpwB1iJk/8Gt5ZF2bhS6+B6bPYz424KtwsR6Rflc3tCz1/ghX2dQ==
  dependencies:
    "@types/node" "*"

bun-types@1.0.18:
  version "1.0.18"
  resolved "https://registry.npmjs.org/bun-types/-/bun-types-1.0.18.tgz"
  integrity sha512-1XZ7AxOF8oO8FZtw1xj006JAKxEjulK3dUhsktZVN95vXBlsf4NIjQxfistVdpt24v3H2I9BwHp+UU+gXSSpAw==

combined-stream@^1.0.8:
  version "1.0.8"
  resolved "https://registry.npmjs.org/combined-stream/-/combined-stream-1.0.8.tgz"
  integrity sha512-FQN4MRfuJeHf7cBbBMJFXhKSDq+2kAArBlmRBvcvFE5BB1HZKXtSFASDhdlz9zOYwxh8lDdnvmMOe/+5cdoEdg==
  dependencies:
    delayed-stream "~1.0.0"

commander@^11.1.0:
  version "11.1.0"
  resolved "https://registry.npmjs.org/commander/-/commander-11.1.0.tgz"
  integrity sha512-yPVavfyCcRhmorC7rWlkHn15b4wDVgVmBA7kV4QVBsF7kv/9TKJAbAXVTxvTnwP8HHKjRCJDClKbciiYS7p0DQ==

css-tree@^2.3.1:
  version "2.3.1"
  resolved "https://registry.npmjs.org/css-tree/-/css-tree-2.3.1.tgz"
  integrity sha512-6Fv1DV/TYw//QF5IzQdqsNDjx/wc8TrMBZsqjL9eW01tWb7R7k/mq+/VXfJCl7SoD5emsJop9cOByJZfs8hYIw==
  dependencies:
    mdn-data "2.0.30"
    source-map-js "^1.0.1"

cssstyle@^4.0.1:
  version "4.0.1"
  resolved "https://registry.npmjs.org/cssstyle/-/cssstyle-4.0.1.tgz"
  integrity sha512-8ZYiJ3A/3OkDd093CBT/0UKDWry7ak4BdPTFP2+QEP7cmhouyq/Up709ASSj2cK02BbZiMgk7kYjZNS4QP5qrQ==
  dependencies:
    rrweb-cssom "^0.6.0"

data-urls@^5.0.0:
  version "5.0.0"
  resolved "https://registry.npmjs.org/data-urls/-/data-urls-5.0.0.tgz"
  integrity sha512-ZYP5VBHshaDAiVZxjbRVcFJpc+4xGgT0bK3vzy1HLN8jTO975HEbuYzZJcHoQEY5K1a0z8YayJkyVETa08eNTg==
  dependencies:
    whatwg-mimetype "^4.0.0"
    whatwg-url "^14.0.0"

debug@4, debug@^4.3.4:
  version "4.3.4"
  resolved "https://registry.npmjs.org/debug/-/debug-4.3.4.tgz"
  integrity sha512-PRWFHuSU3eDtQJPvnNY7Jcket1j0t5OuOsFzPPzsekD52Zl8qUfFIPEiswXqIvHWGVHOgX+7G/vCNNhehwxfkQ==
  dependencies:
    ms "2.1.2"

decimal.js@^10.4.3:
  version "10.4.3"
  resolved "https://registry.npmjs.org/decimal.js/-/decimal.js-10.4.3.tgz"
  integrity sha512-VBBaLc1MgL5XpzgIP7ny5Z6Nx3UrRkIViUkPUdtl9aya5amy3De1gsUUSB1g3+3sExYNjCAsAznmukyxCb1GRA==

delayed-stream@~1.0.0:
  version "1.0.0"
  resolved "https://registry.npmjs.org/delayed-stream/-/delayed-stream-1.0.0.tgz"
  integrity sha512-ZySD7Nf91aLB0RxL4KGrKHBXl7Eds1DAmEdcoVawXnLD7SDhpNgtuII2aAkg7a7QS41jxPSZ17p4VdGnMHk3MQ==

"dicty-graphql-schema@https://github.com/dictyBase/dicty-graphql-schema#v1.38.0":
  version "github:dictyBase/dicty-graphql-schema#d011a87"
  resolved "github:dictyBase/dicty-graphql-schema#d011a87"
  integrity sha512-PmdSEy4qY+dOJ9PEzNd6kMrL4A94DAyCxXv843CUOhuTM+TQGUkZHQzofb3qruEG//4T15rWlJ9s9fthWPV7kw==
  dependencies:
    graphql "^16.8.1"

entities@^4.4.0:
  version "4.5.0"
  resolved "https://registry.npmjs.org/entities/-/entities-4.5.0.tgz"
  integrity sha512-V0hjH4dGPh9Ao5p0MoRY6BVqtwCjhz6vI5LT8AJ55H+4g9/4vbHx1I54fS0XuclLhDHArPQCiMjDxjaL8fPxhw==

entities@^7.0.1:
  version "7.0.1"
  resolved "https://registry.npmjs.org/entities/-/entities-7.0.1.tgz"
  integrity sha512-TWrgLOFUQTH994YUyl1yT4uyavY5nNB5muff+RtWaqNVCAK408b5ZnnbNAUEWLTCpum9w6arT70i1XdQ4UeOPA==

form-data@^4.0.0:
  version "4.0.0"
  resolved "https://registry.npmjs.org/form-data/-/form-data-4.0.0.tgz"
  integrity sha512-ETEklSGi5t0QMZuiXoA/Q6vcnxcLQP5vdugSpuAyi6SVGi2clPPp+xgEhuMaHC+zGgn31Kd235W35f7Hykkaww==
  dependencies:
    asynckit "^0.4.0"
    combined-stream "^1.0.8"
    mime-types "^2.1.12"

fp-ts@^2.16.2:
  version "2.16.2"
  resolved "https://registry.npmjs.org/fp-ts/-/fp-ts-2.16.2.tgz"
  integrity sha512-CkqAjnIKFqvo3sCyoBTqgJvF+bHrSik584S9nhTjtBESLx26cbtVMR/T9a6ApChOcSDAaM3JydDmWDUn4EEXng==

graphql@^16.8.1:
  version "16.14.2"
  resolved "https://registry.npmjs.org/graphql/-/graphql-16.14.2.tgz"
  integrity sha512-Chq1s4CY7jmh8gO2qvLIJyfCDIN+EHLFW/9iShnp1z8FjBQMoodWP1kDC36VAMXXIvAjj4ARa7ntfAV2BrjsbA==

happy-dom@^20.9.0:
  version "20.11.6"
  resolved "https://registry.npmjs.org/happy-dom/-/happy-dom-20.11.6.tgz"
  integrity sha512-Hldbg8AdAa5a5oDcZpjqnGitp7JB0hqWmfv/8qr+kft4vzSD8BHsbdRfzYvL/0QcbKcURC/yyoygbeDQarPvYg==
  dependencies:
    ws "^8.21.0"
    entities "^7.0.1"
    "@types/ws" "^8.18.1"
    "@types/node" ">=20.0.0"
    whatwg-mimetype "^3.0.0"
    buffer-image-size "^0.6.4"
    "@types/whatwg-mimetype" "^3.0.2"

html-encoding-sniffer@^4.0.0:
  version "4.0.0"
  resolved "https://registry.npmjs.org/html-encoding-sniffer/-/html-encoding-sniffer-4.0.0.tgz"
  integrity sha512-Y22oTqIU4uuPgEemfz7NDJz6OeKf12Lsu+QC+s3BVpda64lTiMYCyGwg5ki4vFxkMwQdeZDl2adZoqUgdFuTgQ==
  dependencies:
    whatwg-encoding "^3.1.1"

http-proxy-agent@^7.0.0:
  version "7.0.0"
  resolved "https://registry.npmjs.org/http-proxy-agent/-/http-proxy-agent-7.0.0.tgz"
  integrity sha512-+ZT+iBxVUQ1asugqnD6oWoRiS25AkjNfG085dKJGtGxkdwLQrMKU5wJr2bOOFAXzKcTuqq+7fZlTMgG3SRfIYQ==
  dependencies:
    agent-base "^7.1.0"
    debug "^4.3.4"

https-proxy-agent@^7.0.2:
  version "7.0.2"
  resolved "https://registry.npmjs.org/https-proxy-agent/-/https-proxy-agent-7.0.2.tgz"
  integrity sha512-NmLNjm6ucYwtcUmL7JQC1ZQ57LmHP4lT15FQ8D61nak1rO6DH+fz5qNK2Ap5UN4ZapYICE3/0KodcLYSPsPbaA==
  dependencies:
    agent-base "^7.0.2"
    debug "4"

iconv-lite@0.6.3:
  version "0.6.3"
  resolved "https://registry.npmjs.org/iconv-lite/-/iconv-lite-0.6.3.tgz"
  integrity sha512-4fCk79wshMdzMp2rH06qWrJE4iolqLhCUH+OiuIgU++RB0+94NlDL81atO7GX55uUKueo0txHNtvEyI6D7WdMw==
  dependencies:
    safer-buffer ">= 2.1.2 < 3.0.0"

is-potential-custom-element-name@^1.0.1:
  version "1.0.1"
  resolved "https://registry.npmjs.org/is-potential-custom-element-name/-/is-potential-custom-element-name-1.0.1.tgz"
  integrity sha512-bCYeRA2rVibKZd+s2625gGnGF/t7DSqDs4dP7CrLA1m7jKWz6pps0LpYLJN8Q64HtmPKJ1hrN3nzPNKFEKOUiQ==

jsdom@^23.2.0:
  version "23.2.0"
  resolved "https://registry.npmjs.org/jsdom/-/jsdom-23.2.0.tgz"
  integrity sha512-L88oL7D/8ufIES+Zjz7v0aes+oBMh2Xnh3ygWvL0OaICOomKEPKuPnIfBJekiXr+BHbbMjrWn/xqrDQuxFTeyA==
  dependencies:
    "@asamuzakjp/dom-selector" "^2.0.1"
    cssstyle "^4.0.1"
    data-urls "^5.0.0"
    decimal.js "^10.4.3"
    form-data "^4.0.0"
    html-encoding-sniffer "^4.0.0"
    http-proxy-agent "^7.0.0"
    https-proxy-agent "^7.0.2"
    is-potential-custom-element-name "^1.0.1"
    parse5 "^7.1.2"
    rrweb-cssom "^0.6.0"
    saxes "^6.0.0"
    symbol-tree "^3.2.4"
    tough-cookie "^4.1.3"
    w3c-xmlserializer "^5.0.0"
    webidl-conversions "^7.0.0"
    whatwg-encoding "^3.1.1"
    whatwg-mimetype "^4.0.0"
    whatwg-url "^14.0.0"
    ws "^8.16.0"
    xml-name-validator "^5.0.0"

lexical@0.46, lexical@0.46.0:
  version "0.46.0"
  resolved "https://registry.npmjs.org/lexical/-/lexical-0.46.0.tgz"
  integrity sha512-oaE7OLY/FuqGKC7ihaqLJvgn/NvvRveryKBBgOwrSe+UIpBmc9IvyXf6hVcvew9M3Vc0XavHWe/ZAL7qc5DzMw==
  dependencies:
    "@lexical/internal" "0.46.0"

mdn-data@2.0.30:
  version "2.0.30"
  resolved "https://registry.npmjs.org/mdn-data/-/mdn-data-2.0.30.tgz"
  integrity sha512-GaqWWShW4kv/G9IEucWScBx9G1/vsFZZJUO+tD26M8J8z3Kw5RDQjaoZe03YAClgeS/SWPOcb4nkFBTEi5DUEA==

mime-db@1.52.0:
  version "1.52.0"
  resolved ""
  integrity sha512-sPU4uV7dYlvtWJxwwxHD0PuihVNiE7TyAbQ5SWxDCB9mUYvOgroQOwYQQOKPJ8CIbE+1ETVlOoK1UC2nU3gYvg==

mime-types@^2.1.12:
  version "2.1.35"
  resolved "https://registry.npmjs.org/mime-types/-/mime-types-2.1.35.tgz"
  integrity sha512-ZDY+bPm5zTTF+YpCrAU9nK0UgICYPT0QtT1NZWFv4s++TNkcgVaT0g6+4R2uI4MjQjzysHB1zxuWL50hzaeXiw==
  dependencies:
    mime-db "1.52.0"

ms@2.1.2:
  version "2.1.2"
  resolved "https://registry.npmjs.org/ms/-/ms-2.1.2.tgz"
  integrity sha512-sGkPx+VjMtmA6MX27oA4FBFELFCZZ4S4XqeGOXCv68tT+jb3vk/RyaKWP0PTKyWtmLSM0b+adUTEvbs1PEaH2w==

parse5@^7.0.0, parse5@^7.1.2:
  version "7.1.2"
  resolved "https://registry.npmjs.org/parse5/-/parse5-7.1.2.tgz"
  integrity sha512-Czj1WaSVpaoj0wbhMzLmWD69anp2WH7FXMB9n1Sy8/ZFF9jolSQVMu1Ij5WIyGmcBmhk7EOndpO4mIpihVqAXw==
  dependencies:
    entities "^4.4.0"

prettier@^3.1.1:
  version "3.1.1"
  resolved "https://registry.npmjs.org/prettier/-/prettier-3.1.1.tgz"
  integrity sha512-22UbSzg8luF4UuZtzgiUOfcGM8s4tjBv6dJRT7j275NXsy2jb4aJa4NNveul5x4eqlF1wuhuR2RElK71RvmVaw==

psl@^1.1.33:
  version "1.9.0"
  resolved "https://registry.npmjs.org/psl/-/psl-1.9.0.tgz"
  integrity sha512-E/ZsdU4HLs/68gYzgGTkMicWTLPdAftJLfJFlLUAAKZGkStNU72sZjT66SnMDVOfOWY/YAoiD7Jxa9iHvngcag==

punycode@^2.1.1, punycode@^2.3.1:
  version "2.3.1"
  resolved "https://registry.npmjs.org/punycode/-/punycode-2.3.1.tgz"
  integrity sha512-vYt7UD1U9Wg6138shLtLOvdAu+8DsC/ilFtEVHcH+wydcSpNE20AfSOduf6MkRFahL5FY7X1oU7nKVZFtfq8Fg==

querystringify@^2.1.1:
  version "2.2.0"
  resolved "https://registry.npmjs.org/querystringify/-/querystringify-2.2.0.tgz"
  integrity sha512-FIqgj2EUvTa7R50u0rGsyTftzjYmv/a3hO345bZNrqabNqjtgiDMgmo4mkUjd+nzU5oF3dClKqFIPUKybUyqoQ==

require-from-string@^2.0.2:
  version "2.0.2"
  resolved "https://registry.npmjs.org/require-from-string/-/require-from-string-2.0.2.tgz"
  integrity sha512-Xf0nWe6RseziFMu+Ap9biiUbmplq6S9/p+7w7YXP/JBHhrUDDUhwa+vANyubuqfZWTveU//DYVGsDG7RKL/vEw==

requires-port@^1.0.0:
  version "1.0.0"
  resolved "https://registry.npmjs.org/requires-port/-/requires-port-1.0.0.tgz"
  integrity sha512-KigOCHcocU3XODJxsu8i/j8T9tzT4adHiecwORRQ0ZZFcp7ahwXuRU1m+yuO90C5ZUyGeGfocHDI14M3L3yDAQ==

rrweb-cssom@^0.6.0:
  version "0.6.0"
  resolved "https://registry.npmjs.org/rrweb-cssom/-/rrweb-cssom-0.6.0.tgz"
  integrity sha512-APM0Gt1KoXBz0iIkkdB/kfvGOwC4UuJFeG/c+yV7wSc7q96cG/kJ0HiYCnzivD9SB53cLV1MlHFNfOuPaadYSw==

"safer-buffer@>= 2.1.2 < 3.0.0":
  version "2.1.2"
  resolved "https://registry.npmjs.org/safer-buffer/-/safer-buffer-2.1.2.tgz"
  integrity sha512-YZo3K82SD7Riyi0E1EQPojLz7kpepnSQI9IyPbHHg1XXXevb5dJI7tpyN2ADxGcQbHG7vcyRHk0cbwqcQriUtg==

saxes@^6.0.0:
  version "6.0.0"
  resolved "https://registry.npmjs.org/saxes/-/saxes-6.0.0.tgz"
  integrity sha512-xAg7SOnEhrm5zI3puOOKyy1OMcMlIJZYNJY7xLBwSze0UjhPLnWfj2GF2EpT0jmzaJKIWKHLsaSSajf35bcYnA==
  dependencies:
    xmlchars "^2.2.0"

source-map-js@^1.0.1:
  version "1.0.2"
  resolved "https://registry.npmjs.org/source-map-js/-/source-map-js-1.0.2.tgz"
  integrity sha512-R0XvVJ9WusLiqTCEiGCmICCMplcCkIwwR11mOSD9CR5u+IXYdiseeEuXCVAjS54zqwkLcPNnmU4OeJ6tUrWhDw==

symbol-tree@^3.2.4:
  version "3.2.4"
  resolved "https://registry.npmjs.org/symbol-tree/-/symbol-tree-3.2.4.tgz"
  integrity sha512-9QNk5KwDF+Bvz+PyObkmSYjI5ksVUYtjW7AU22r2NKcfLJcXp96hkDWU3+XndOsUb+AQ9QhfzfCT2O+CNWT5Tw==

tough-cookie@^4.1.3:
  version "4.1.3"
  resolved "https://registry.npmjs.org/tough-cookie/-/tough-cookie-4.1.3.tgz"
  integrity sha512-aX/y5pVRkfRnfmuX+OdbSdXvPe6ieKX/G2s7e98f4poJHnqH3281gDPm/metm6E/WRamfx7WC4HUqkWHfQHprw==
  dependencies:
    psl "^1.1.33"
    punycode "^2.1.1"
    universalify "^0.2.0"
    url-parse "^1.5.3"

tr46@^5.0.0:
  version "5.0.0"
  resolved "https://registry.npmjs.org/tr46/-/tr46-5.0.0.tgz"
  integrity sha512-tk2G5R2KRwBd+ZN0zaEXpmzdKyOYksXwywulIX95MBODjSzMIuQnQ3m8JxgbhnL1LeVo7lqQKsYa1O3Htl7K5g==
  dependencies:
    punycode "^2.3.1"

ts-pattern@^5.0.6:
  version "5.0.6"
  resolved "https://registry.npmjs.org/ts-pattern/-/ts-pattern-5.0.6.tgz"
  integrity sha512-Y+jOjihlFriWzcBjncPCf2/am+Hgz7LtsWs77pWg5vQQKLQj07oNrJryo/wK2G0ndNaoVn2ownFMeoeAuReu3Q==

typescript@>=5.2, typescript@^5.0.0:
  version "5.3.3"
  resolved "https://registry.npmjs.org/typescript/-/typescript-5.3.3.tgz"
  integrity sha512-pXWcraxM0uxAS+tN0AG/BF2TyqmHO014Z070UsJ+pFvYuRSq8KH8DmWpnbXe0pEPDHXZV3FcAbJkijJ5oNEnWw==

undici@^5.28.2:
  version "5.28.2"
  resolved "https://registry.npmjs.org/undici/-/undici-5.28.2.tgz"
  integrity sha512-wh1pHJHnUeQV5Xa8/kyQhO7WFa8M34l026L5P/+2TYiakvGy5Rdc8jWZVyG7ieht/0WgJLEd3kcU5gKx+6GC8w==
  dependencies:
    "@fastify/busboy" "^2.0.0"

undici-types@~5.26.4:
  version "5.26.5"
  resolved "https://registry.npmjs.org/undici-types/-/undici-types-5.26.5.tgz"
  integrity sha512-JlCMO+ehdEIKqlFxk6IfVoAUVmgz7cU7zD/h9XZ0qzeosSHmUJVOzSQvvYSYWXkFXC+IfLKSIffhv0sVZup6pA==

universalify@^0.2.0:
  version "0.2.0"
  resolved "https://registry.npmjs.org/universalify/-/universalify-0.2.0.tgz"
  integrity sha512-CJ1QgKmNg3CwvAv/kOFmtnEN05f0D/cn9QntgNOQlQF9dgvVTHj3t+8JPdjqawCHk7V/KA+fbUqzZ9XWhcqPUg==

url-parse@^1.5.3:
  version "1.5.10"
  resolved "https://registry.npmjs.org/url-parse/-/url-parse-1.5.10.tgz"
  integrity sha512-WypcfiRhfeUP9vvF0j6rw0J3hrWrw6iZv3+22h6iRMJ/8z1Tj6XfLP4DsUix5MhMPnXpiHDoKyoZ/bdCkwBCiQ==
  dependencies:
    querystringify "^2.1.1"
    requires-port "^1.0.0"

w3c-xmlserializer@^5.0.0:
  version "5.0.0"
  resolved "https://registry.npmjs.org/w3c-xmlserializer/-/w3c-xmlserializer-5.0.0.tgz"
  integrity sha512-o8qghlI8NZHU1lLPrpi2+Uq7abh4GGPpYANlalzWxyWteJOCsr/P+oPBA49TOLu5FTZO4d3F9MnWJfiMo4BkmA==
  dependencies:
    xml-name-validator "^5.0.0"

webidl-conversions@^7.0.0:
  version "7.0.0"
  resolved "https://registry.npmjs.org/webidl-conversions/-/webidl-conversions-7.0.0.tgz"
  integrity sha512-VwddBukDzu71offAQR975unBIGqfKZpM+8ZX6ySk8nYhVoo5CYaZyzt3YBvYtRtO+aoGlqxPg/B87NGVZ/fu6g==

whatwg-encoding@^3.1.1:
  version "3.1.1"
  resolved "https://registry.npmjs.org/whatwg-encoding/-/whatwg-encoding-3.1.1.tgz"
  integrity sha512-6qN4hJdMwfYBtE3YBTTHhoeuUrDBPZmbQaxWAqSALV/MeEnR5z1xd8UKud2RAkFoPkmB+hli1TZSnyi84xz1vQ==
  dependencies:
    iconv-lite "0.6.3"

whatwg-mimetype@^3.0.0:
  version "3.0.0"
  resolved "https://registry.npmjs.org/whatwg-mimetype/-/whatwg-mimetype-3.0.0.tgz"
  integrity sha512-nt+N2dzIutVRxARx1nghPKGv1xHikU7HKdfafKkLNLindmPU/ch3U31NOCGGA/dmPcmb1VlofO0vnKAcsm0o/Q==

whatwg-mimetype@^4.0.0:
  version "4.0.0"
  resolved "https://registry.npmjs.org/whatwg-mimetype/-/whatwg-mimetype-4.0.0.tgz"
  integrity sha512-QaKxh0eNIi2mE9p2vEdzfagOKHCcj1pJ56EEHGQOVxp8r9/iszLUUV7v89x9O1p/T+NlTM5W7jW6+cz4Fq1YVg==

whatwg-url@^14.0.0:
  version "14.0.0"
  resolved "https://registry.npmjs.org/whatwg-url/-/whatwg-url-14.0.0.tgz"
  integrity sha512-1lfMEm2IEr7RIV+f4lUNPOqfFL+pO+Xw3fJSqmjX9AbXcXcYOkCe1P6+9VBZB6n94af16NfZf+sSk0JCBZC9aw==
  dependencies:
    tr46 "^5.0.0"
    webidl-conversions "^7.0.0"

ws@^8.16.0:
  version "8.16.0"
  resolved "https://registry.npmjs.org/ws/-/ws-8.16.0.tgz"
  integrity sha512-HS0c//TP7Ina87TfiPUz1rQzMhHrl/SG2guqRcTOIUYD2q8uhUdNHZYJUaQ8aTGPzCh+c6oawMKW35nFl1dxyQ==

ws@^8.21.0:
  version "8.21.3"
  resolved "https://registry.npmjs.org/ws/-/ws-8.21.3.tgz"
  integrity sha512-201TZ/kPWxoPr/OKWjquZR1SWKXcvxdH+e1xrx89b3YbmzLMFCLfnaG1HFIgWzJOEWZ7MvpK++odZufgYR50Rw==

xml-name-validator@^5.0.0:
  version "5.0.0"
  resolved "https://registry.npmjs.org/xml-name-validator/-/xml-name-validator-5.0.0.tgz"
  integrity sha512-EvGK8EJ3DhaHfbRlETOWAS5pO9MZITeauHKJyb8wyajUfQUenkIg2MvLDTZ4T/TgIcm3HU0TFBgWWboAZ30UHg==

xmlchars@^2.2.0:
  version "2.2.0"
  resolved "https://registry.npmjs.org/xmlchars/-/xmlchars-2.2.0.tgz"
  integrity sha512-JZnDKK8B0RCDw84FNdDAIpZK+JuJw+s7Lz8nksI7SIuU3UXJJslUthsi+uWBUYOwPFwW7W7PRLRfUKpxjtjFCw==
